
Microsoft Visual Studio Solution File, Format Version 12.00
# Visual Studio Version 17
VisualStudioVersion = 17.0.31903.59
MinimumVisualStudioVersion = 10.0.40219.1
Project("{2150E333-8FDC-42A3-9474-1A3956D46DE8}") = "src", "src", "{9BA1D741-79D2-4447-AC30-673077B523BD}"
EndProject
Project("{FAE04EC0-301F-11D3-BF4B-00C04F79EFBC}") = "AuctionService", "src\AuctionService\AuctionService.csproj", "{6D8D8A6F-1CC5-4E37-9751-C380E7BD94BD}"
EndProject
Project("{FAE04EC0-301F-11D3-BF4B-00C04F79EFBC}") = "SearchService", "src\SearchService\SearchService.csproj", "{CFF6D949-D285-4192-8183-8C9C136CB1E9}"
EndProject
Project("{FAE04EC0-301F-11D3-BF4B-00C04F79EFBC}") = "Contracts", "src\Contracts\Contracts.csproj", "{164DC7EB-3979-4210-81D5-2E2EB37E2518}"
EndProject
Project("{FAE04EC0-301F-11D3-BF4B-00C04F79EFBC}") = "IdentityService", "src\IdentityService\IdentityService.csproj", "{BC9A1C93-2A83-44D8-B1AA-28E36BF654FA}"
EndProject
Project("{FAE04EC0-301F-11D3-BF4B-00C04F79EFBC}") = "GatewayService", "src\GatewayService\GatewayService.csproj", "{C4536477-6E89-446D-BFD9-47BD6DC8D78E}"
EndProject
Global
	GlobalSection(SolutionConfigurationPlatforms) = preSolution
		Debug|Any CPU = Debug|Any CPU
		Release|Any CPU = Release|Any CPU
	EndGlobalSection
	GlobalSection(SolutionProperties) = preSolution
		HideSolutionNode = FALSE
	EndGlobalSection
	GlobalSection(ProjectConfigurationPlatforms) = postSolution
		{6D8D8A6F-1CC5-4E37-9751-C380E7BD94BD}.Debug|Any CPU.ActiveCfg = Debug|Any CPU
		{6D8D8A6F-1CC5-4E37-9751-C380E7BD94BD}.Debug|Any CPU.Build.0 = Debug|Any CPU
		{6D8D8A6F-1CC5-4E37-9751-C380E7BD94BD}.Release|Any CPU.ActiveCfg = Release|Any CPU
		{6D8D8A6F-1CC5-4E37-9751-C380E7BD94BD}.Release|Any CPU.Build.0 = Release|Any CPU
		{CFF6D949-D285-4192-8183-8C9C136CB1E9}.Debug|Any CPU.ActiveCfg = Debug|Any CPU
		{CFF6D949-D285-4192-8183-8C9C136CB1E9}.Debug|Any CPU.Build.0 = Debug|Any CPU
		{CFF6D949-D285-4192-8183-8C9C136CB1E9}.Release|Any CPU.ActiveCfg = Release|Any CPU
		{CFF6D949-D285-4192-8183-8C9C136CB1E9}.Release|Any CPU.Build.0 = Release|Any CPU
		{164DC7EB-3979-4210-81D5-2E2EB37E2518}.Debug|Any CPU.ActiveCfg = Debug|Any CPU
		{164DC7EB-3979-4210-81D5-2E2EB37E2518}.Debug|Any CPU.Build.0 = Debug|Any CPU
		{164DC7EB-3979-4210-81D5-2E2EB37E2518}.Release|Any CPU.ActiveCfg = Release|Any CPU
		{164DC7EB-3979-4210-81D5-2E2EB37E2518}.Release|Any CPU.Build.0 = Release|Any CPU
		{BC9A1C93-2A83-44D8-B1AA-28E36BF654FA}.Debug|Any CPU.ActiveCfg = Debug|Any CPU
		{BC9A1C93-2A83-44D8-B1AA-28E36BF654FA}.Debug|Any CPU.Build.0 = Debug|Any CPU
		{BC9A1C93-2A83-44D8-B1AA-28E36BF654FA}.Release|Any CPU.ActiveCfg = Release|Any CPU
		{BC9A1C93-2A83-44D8-B1AA-28E36BF654FA}.Release|Any CPU.Build.0 = Release|Any CPU
		{C4536477-6E89-446D-BFD9-47BD6DC8D78E}.Debug|Any CPU.ActiveCfg = Debug|Any CPU
		{C4536477-6E89-446D-BFD9-47BD6DC8D78E}.Debug|Any CPU.Build.0 = Debug|Any CPU
		{C4536477-6E89-446D-BFD9-47BD6DC8D78E}.Release|Any CPU.ActiveCfg = Release|Any CPU
		{C4536477-6E89-446D-BFD9-47BD6DC8D78E}.Release|Any CPU.Build.0 = Release|Any CPU
	EndGlobalSection
	GlobalSection(NestedProjects) = preSolution
		{6D8D8A6F-1CC5-4E37-9751-C380E7BD94BD} = {9BA1D741-79D2-4447-AC30-673077B523BD}
		{CFF6D949-D285-4192-8183-8C9C136CB1E9} = {9BA1D741-79D2-4447-AC30-673077B523BD}
		{164DC7EB-3979-4210-81D5-2E2EB37E2518} = {9BA1D741-79D2-4447-AC30-673077B523BD}
		{BC9A1C93-2A83-44D8-B1AA-28E36BF654FA} = {9BA1D741-79D2-4447-AC30-673077B523BD}
		{C4536477-6E89-446D-BFD9-47BD6DC8D78E} = {9BA1D741-79D2-4447-AC30-673077B523BD}
	EndGlobalSection
EndGlobal
